# This file is @generated by PDM.
# It is not intended for manual editing.

[metadata]
groups = ["default"]
strategy = ["inherit_metadata"]
lock_version = "4.5.0"
content_hash = "sha256:0b1553d2c728a62b86879591ca671afe4615e14fb9efc14894637ac8cb177fae"

[[metadata.targets]]
requires_python = ">=3.12"
